{
  "requires": true,
  "lockfileVersion": 1,
  "dependencies": {
    "react-multi-carousel": {
      "version": "2.5.5",
      "resolved": "https://registry.npmjs.org/react-multi-carousel/-/react-multi-carousel-2.5.5.tgz",
      "integrity": "sha512-yjRNA3KypwJHDQba1XUz1cVrcejZ9c+4cdY3ODPBj/FMVT+Vj7bE3V4wkWiHRzeYNzhaf902/pbO3cP2e9261A=="
    },
    "react-resizable-box": {
      "version": "2.1.0",
      "resolved": "https://registry.npmjs.org/react-resizable-box/-/react-resizable-box-2.1.0.tgz",
      "integrity": "sha1-i7oIG1rb4q8L5HaMTx3mqEpCOq0="
    }
  }
}
